// !$*UTF8*$!
{
	archiveVersion = 1;
	classes = {
	};
	objectVersion = 56;
	objects = {

/* Begin PBXBuildFile section */
		E94F30392A7EB71C001AAA87 /* AppDelegate.swift in Sources */ = {isa = PBXBuildFile; fileRef = E94F30382A7EB71C001AAA87 /* AppDelegate.swift */; };
		E94F303B2A7EB71C001AAA87 /* SceneDelegate.swift in Sources */ = {isa = PBXBuildFile; fileRef = E94F303A2A7EB71C001AAA87 /* SceneDelegate.swift */; };
		E94F30422A7EB71E001AAA87 /* Images.xcassets in Resources */ = {isa = PBXBuildFile; fileRef = E94F30412A7EB71E001AAA87 /* Images.xcassets */; };
		E94F30452A7EB71E001AAA87 /* LaunchScreen.storyboard in Resources */ = {isa = PBXBuildFile; fileRef = E94F30432A7EB71E001AAA87 /* LaunchScreen.storyboard */; };
		E94F30502A7EB71E001AAA87 /* facebookTests.swift in Sources */ = {isa = PBXBuildFile; fileRef = E94F304F2A7EB71E001AAA87 /* facebookTests.swift */; };
		E94F305A2A7EB71E001AAA87 /* facebookUITests.swift in Sources */ = {isa = PBXBuildFile; fileRef = E94F30592A7EB71E001AAA87 /* facebookUITests.swift */; };
		E94F305C2A7EB71E001AAA87 /* facebookUITestsLaunchTests.swift in Sources */ = {isa = PBXBuildFile; fileRef = E94F305B2A7EB71E001AAA87 /* facebookUITestsLaunchTests.swift */; };
		E94F306B2A7EB758001AAA87 /* Colors.xcassets in Resources */ = {isa = PBXBuildFile; fileRef = E94F306A2A7EB758001AAA87 /* Colors.xcassets */; };
		E94F306E2A7EB8DE001AAA87 /* CustomNavigationController.swift in Sources */ = {isa = PBXBuildFile; fileRef = E94F306D2A7EB8DE001AAA87 /* CustomNavigationController.swift */; };
		E94F30722A7EB9AF001AAA87 /* UIImage.swift in Sources */ = {isa = PBXBuildFile; fileRef = E94F30712A7EB9AF001AAA87 /* UIImage.swift */; };
		E94F30752A7EB9DC001AAA87 /* StoryboardInstantiable.swift in Sources */ = {isa = PBXBuildFile; fileRef = E94F30742A7EB9DC001AAA87 /* StoryboardInstantiable.swift */; };
		E94F30772A7EB9F2001AAA87 /* Alertable.swift in Sources */ = {isa = PBXBuildFile; fileRef = E94F30762A7EB9F2001AAA87 /* Alertable.swift */; };
		E94F307B2A7EBA2E001AAA87 /* KeychainManager.swift in Sources */ = {isa = PBXBuildFile; fileRef = E94F307A2A7EBA2E001AAA87 /* KeychainManager.swift */; };
		E94F307D2A7EBA47001AAA87 /* UserDefaultsManager.swift in Sources */ = {isa = PBXBuildFile; fileRef = E94F307C2A7EBA47001AAA87 /* UserDefaultsManager.swift */; };
		E94F30802A7EBA85001AAA87 /* ConfigDataModel.swift in Sources */ = {isa = PBXBuildFile; fileRef = E94F307F2A7EBA85001AAA87 /* ConfigDataModel.swift */; };
		E94F308B2A7EBB7F001AAA87 /* HomeViewController.storyboard in Resources */ = {isa = PBXBuildFile; fileRef = E94F308A2A7EBB7F001AAA87 /* HomeViewController.storyboard */; };
		E94F308D2A7EBB8D001AAA87 /* HomeViewController.swift in Sources */ = {isa = PBXBuildFile; fileRef = E94F308C2A7EBB8D001AAA87 /* HomeViewController.swift */; };
		E94F30902A7EBC4A001AAA87 /* LoginViewController.swift in Sources */ = {isa = PBXBuildFile; fileRef = E94F308F2A7EBC4A001AAA87 /* LoginViewController.swift */; };
		E94F30922A7EBC96001AAA87 /* LoginViewController.storyboard in Resources */ = {isa = PBXBuildFile; fileRef = E94F30912A7EBC96001AAA87 /* LoginViewController.storyboard */; };
		E94F30952A7EBD7E001AAA87 /* ProfileViewController.swift in Sources */ = {isa = PBXBuildFile; fileRef = E94F30942A7EBD7E001AAA87 /* ProfileViewController.swift */; };
		E94F30972A7EBD98001AAA87 /* ProfileViewController.storyboard in Resources */ = {isa = PBXBuildFile; fileRef = E94F30962A7EBD98001AAA87 /* ProfileViewController.storyboard */; };
		E94F309A2A7EBDE2001AAA87 /* ChangePasswordViewController.storyboard in Resources */ = {isa = PBXBuildFile; fileRef = E94F30992A7EBDE2001AAA87 /* ChangePasswordViewController.storyboard */; };
		E94F309C2A7EBDF2001AAA87 /* ChangePasswordViewController.swift in Sources */ = {isa = PBXBuildFile; fileRef = E94F309B2A7EBDF2001AAA87 /* ChangePasswordViewController.swift */; };
		E94F309F2A7F5929001AAA87 /* BackNavBar.swift in Sources */ = {isa = PBXBuildFile; fileRef = E94F309E2A7F5929001AAA87 /* BackNavBar.swift */; };
		E96F32F72A9CE8EE008538D8 /* AppConfigurations.swift in Sources */ = {isa = PBXBuildFile; fileRef = E96F32F62A9CE8EE008538D8 /* AppConfigurations.swift */; };
		E9CDAF9A2A8D219F0041326C /* CustomTabbarViewController.storyboard in Resources */ = {isa = PBXBuildFile; fileRef = E9CDAF992A8D219F0041326C /* CustomTabbarViewController.storyboard */; };
		E9CDAF9D2A8D25AC0041326C /* CustomTabbarViewController.swift in Sources */ = {isa = PBXBuildFile; fileRef = E9CDAF9C2A8D25AC0041326C /* CustomTabbarViewController.swift */; };
		E9CDAFA12A8D34230041326C /* NotificationTabViewController.storyboard in Resources */ = {isa = PBXBuildFile; fileRef = E9CDAFA02A8D34230041326C /* NotificationTabViewController.storyboard */; };
		E9CDAFA32A8D342F0041326C /* NotificationTabViewController.swift in Sources */ = {isa = PBXBuildFile; fileRef = E9CDAFA22A8D342F0041326C /* NotificationTabViewController.swift */; };
		E9CDAFA52A8D345A0041326C /* FriendTabViewController.storyboard in Resources */ = {isa = PBXBuildFile; fileRef = E9CDAFA42A8D345A0041326C /* FriendTabViewController.storyboard */; };
		E9CDAFA72A8D34650041326C /* FriendTabViewController.swift in Sources */ = {isa = PBXBuildFile; fileRef = E9CDAFA62A8D34650041326C /* FriendTabViewController.swift */; };
		E9CDAFAB2A8DAD3B0041326C /* README.md in Resources */ = {isa = PBXBuildFile; fileRef = E9CDAFAA2A8DAD3B0041326C /* README.md */; };
		E9CDAFAD2A8DADA30041326C /* .gitignore in Resources */ = {isa = PBXBuildFile; fileRef = E9CDAFAC2A8DADA30041326C /* .gitignore */; };
/* End PBXBuildFile section */

/* Begin PBXContainerItemProxy section */
		E94F304C2A7EB71E001AAA87 /* PBXContainerItemProxy */ = {
			isa = PBXContainerItemProxy;
			containerPortal = E94F302D2A7EB71C001AAA87 /* Project object */;
			proxyType = 1;
			remoteGlobalIDString = E94F30342A7EB71C001AAA87;
			remoteInfo = facebook;
		};
		E94F30562A7EB71E001AAA87 /* PBXContainerItemProxy */ = {
			isa = PBXContainerItemProxy;
			containerPortal = E94F302D2A7EB71C001AAA87 /* Project object */;
			proxyType = 1;
			remoteGlobalIDString = E94F30342A7EB71C001AAA87;
			remoteInfo = facebook;
		};
/* End PBXContainerItemProxy section */

/* Begin PBXFileReference section */
		E94F30352A7EB71C001AAA87 /* facebook.app */ = {isa = PBXFileReference; explicitFileType = wrapper.application; includeInIndex = 0; path = facebook.app; sourceTree = BUILT_PRODUCTS_DIR; };
		E94F30382A7EB71C001AAA87 /* AppDelegate.swift */ = {isa = PBXFileReference; lastKnownFileType = sourcecode.swift; path = AppDelegate.swift; sourceTree = "<group>"; };
		E94F303A2A7EB71C001AAA87 /* SceneDelegate.swift */ = {isa = PBXFileReference; lastKnownFileType = sourcecode.swift; path = SceneDelegate.swift; sourceTree = "<group>"; };
		E94F30412A7EB71E001AAA87 /* Images.xcassets */ = {isa = PBXFileReference; lastKnownFileType = folder.assetcatalog; path = Images.xcassets; sourceTree = "<group>"; };
		E94F30442A7EB71E001AAA87 /* Base */ = {isa = PBXFileReference; lastKnownFileType = file.storyboard; name = Base; path = Base.lproj/LaunchScreen.storyboard; sourceTree = "<group>"; };
		E94F30462A7EB71E001AAA87 /* Info.plist */ = {isa = PBXFileReference; lastKnownFileType = text.plist.xml; path = Info.plist; sourceTree = "<group>"; };
		E94F304B2A7EB71E001AAA87 /* facebookTests.xctest */ = {isa = PBXFileReference; explicitFileType = wrapper.cfbundle; includeInIndex = 0; path = facebookTests.xctest; sourceTree = BUILT_PRODUCTS_DIR; };
		E94F304F2A7EB71E001AAA87 /* facebookTests.swift */ = {isa = PBXFileReference; lastKnownFileType = sourcecode.swift; path = facebookTests.swift; sourceTree = "<group>"; };
		E94F30552A7EB71E001AAA87 /* facebookUITests.xctest */ = {isa = PBXFileReference; explicitFileType = wrapper.cfbundle; includeInIndex = 0; path = facebookUITests.xctest; sourceTree = BUILT_PRODUCTS_DIR; };
		E94F30592A7EB71E001AAA87 /* facebookUITests.swift */ = {isa = PBXFileReference; lastKnownFileType = sourcecode.swift; path = facebookUITests.swift; sourceTree = "<group>"; };
		E94F305B2A7EB71E001AAA87 /* facebookUITestsLaunchTests.swift */ = {isa = PBXFileReference; lastKnownFileType = sourcecode.swift; path = facebookUITestsLaunchTests.swift; sourceTree = "<group>"; };
		E94F306A2A7EB758001AAA87 /* Colors.xcassets */ = {isa = PBXFileReference; lastKnownFileType = folder.assetcatalog; path = Colors.xcassets; sourceTree = "<group>"; };
		E94F306D2A7EB8DE001AAA87 /* CustomNavigationController.swift */ = {isa = PBXFileReference; lastKnownFileType = sourcecode.swift; path = CustomNavigationController.swift; sourceTree = "<group>"; };
		E94F30712A7EB9AF001AAA87 /* UIImage.swift */ = {isa = PBXFileReference; lastKnownFileType = sourcecode.swift; path = UIImage.swift; sourceTree = "<group>"; };
		E94F30742A7EB9DC001AAA87 /* StoryboardInstantiable.swift */ = {isa = PBXFileReference; lastKnownFileType = sourcecode.swift; path = StoryboardInstantiable.swift; sourceTree = "<group>"; };
		E94F30762A7EB9F2001AAA87 /* Alertable.swift */ = {isa = PBXFileReference; lastKnownFileType = sourcecode.swift; path = Alertable.swift; sourceTree = "<group>"; };
		E94F307A2A7EBA2E001AAA87 /* KeychainManager.swift */ = {isa = PBXFileReference; lastKnownFileType = sourcecode.swift; path = KeychainManager.swift; sourceTree = "<group>"; };
		E94F307C2A7EBA47001AAA87 /* UserDefaultsManager.swift */ = {isa = PBXFileReference; lastKnownFileType = sourcecode.swift; path = UserDefaultsManager.swift; sourceTree = "<group>"; };
		E94F307F2A7EBA85001AAA87 /* ConfigDataModel.swift */ = {isa = PBXFileReference; lastKnownFileType = sourcecode.swift; path = ConfigDataModel.swift; sourceTree = "<group>"; };
		E94F308A2A7EBB7F001AAA87 /* HomeViewController.storyboard */ = {isa = PBXFileReference; lastKnownFileType = file.storyboard; path = HomeViewController.storyboard; sourceTree = "<group>"; };
		E94F308C2A7EBB8D001AAA87 /* HomeViewController.swift */ = {isa = PBXFileReference; lastKnownFileType = sourcecode.swift; path = HomeViewController.swift; sourceTree = "<group>"; };
		E94F308F2A7EBC4A001AAA87 /* LoginViewController.swift */ = {isa = PBXFileReference; lastKnownFileType = sourcecode.swift; path = LoginViewController.swift; sourceTree = "<group>"; };
		E94F30912A7EBC96001AAA87 /* LoginViewController.storyboard */ = {isa = PBXFileReference; lastKnownFileType = file.storyboard; path = LoginViewController.storyboard; sourceTree = "<group>"; };
		E94F30942A7EBD7E001AAA87 /* ProfileViewController.swift */ = {isa = PBXFileReference; lastKnownFileType = sourcecode.swift; path = ProfileViewController.swift; sourceTree = "<group>"; };
		E94F30962A7EBD98001AAA87 /* ProfileViewController.storyboard */ = {isa = PBXFileReference; lastKnownFileType = file.storyboard; path = ProfileViewController.storyboard; sourceTree = "<group>"; };
		E94F30992A7EBDE2001AAA87 /* ChangePasswordViewController.storyboard */ = {isa = PBXFileReference; lastKnownFileType = file.storyboard; path = ChangePasswordViewController.storyboard; sourceTree = "<group>"; };
		E94F309B2A7EBDF2001AAA87 /* ChangePasswordViewController.swift */ = {isa = PBXFileReference; lastKnownFileType = sourcecode.swift; path = ChangePasswordViewController.swift; sourceTree = "<group>"; };
		E94F309E2A7F5929001AAA87 /* BackNavBar.swift */ = {isa = PBXFileReference; lastKnownFileType = sourcecode.swift; path = BackNavBar.swift; sourceTree = "<group>"; };
		E96F32F32A9CE754008538D8 /* Dev.xcconfig */ = {isa = PBXFileReference; lastKnownFileType = text.xcconfig; path = Dev.xcconfig; sourceTree = "<group>"; };
		E96F32F42A9CE76B008538D8 /* Staging.xcconfig */ = {isa = PBXFileReference; lastKnownFileType = text.xcconfig; path = Staging.xcconfig; sourceTree = "<group>"; };
		E96F32F52A9CE774008538D8 /* Product.xcconfig */ = {isa = PBXFileReference; lastKnownFileType = text.xcconfig; path = Product.xcconfig; sourceTree = "<group>"; };
		E96F32F62A9CE8EE008538D8 /* AppConfigurations.swift */ = {isa = PBXFileReference; lastKnownFileType = sourcecode.swift; path = AppConfigurations.swift; sourceTree = "<group>"; };
		E9CDAF992A8D219F0041326C /* CustomTabbarViewController.storyboard */ = {isa = PBXFileReference; lastKnownFileType = file.storyboard; path = CustomTabbarViewController.storyboard; sourceTree = "<group>"; };
		E9CDAF9C2A8D25AC0041326C /* CustomTabbarViewController.swift */ = {isa = PBXFileReference; lastKnownFileType = sourcecode.swift; path = CustomTabbarViewController.swift; sourceTree = "<group>"; };
		E9CDAFA02A8D34230041326C /* NotificationTabViewController.storyboard */ = {isa = PBXFileReference; lastKnownFileType = file.storyboard; path = NotificationTabViewController.storyboard; sourceTree = "<group>"; };
		E9CDAFA22A8D342F0041326C /* NotificationTabViewController.swift */ = {isa = PBXFileReference; lastKnownFileType = sourcecode.swift; path = NotificationTabViewController.swift; sourceTree = "<group>"; };
		E9CDAFA42A8D345A0041326C /* FriendTabViewController.storyboard */ = {isa = PBXFileReference; lastKnownFileType = file.storyboard; path = FriendTabViewController.storyboard; sourceTree = "<group>"; };
		E9CDAFA62A8D34650041326C /* FriendTabViewController.swift */ = {isa = PBXFileReference; lastKnownFileType = sourcecode.swift; path = FriendTabViewController.swift; sourceTree = "<group>"; };
		E9CDAFAA2A8DAD3B0041326C /* README.md */ = {isa = PBXFileReference; lastKnownFileType = net.daringfireball.markdown; path = README.md; sourceTree = "<group>"; };
		E9CDAFAC2A8DADA30041326C /* .gitignore */ = {isa = PBXFileReference; lastKnownFileType = text; path = .gitignore; sourceTree = "<group>"; };
/* End PBXFileReference section */

/* Begin PBXFrameworksBuildPhase section */
		E94F30322A7EB71C001AAA87 /* Frameworks */ = {
			isa = PBXFrameworksBuildPhase;
			buildActionMask = 2147483647;
			files = (
			);
			runOnlyForDeploymentPostprocessing = 0;
		};
		E94F30482A7EB71E001AAA87 /* Frameworks */ = {
			isa = PBXFrameworksBuildPhase;
			buildActionMask = 2147483647;
			files = (
			);
			runOnlyForDeploymentPostprocessing = 0;
		};
		E94F30522A7EB71E001AAA87 /* Frameworks */ = {
			isa = PBXFrameworksBuildPhase;
			buildActionMask = 2147483647;
			files = (
			);
			runOnlyForDeploymentPostprocessing = 0;
		};
/* End PBXFrameworksBuildPhase section */

/* Begin PBXGroup section */
		E94F302C2A7EB71C001AAA87 = {
			isa = PBXGroup;
			children = (
				E96F32F92A9CEC67008538D8 /* Domain */,
				E96F32F22A9CE72D008538D8 /* Configuration */,
				E9CDAFAC2A8DADA30041326C /* .gitignore */,
				E9CDAFAA2A8DAD3B0041326C /* README.md */,
				E94F30812A7EBAB1001AAA87 /* Presentations */,
				E94F307E2A7EBA74001AAA87 /* Models */,
				E94F30782A7EBA1B001AAA87 /* Data */,
				E94F306F2A7EB976001AAA87 /* Utils */,
				E94F306C2A7EB8CC001AAA87 /* CustomUI */,
				E94F30692A7EB737001AAA87 /* Assets */,
				E94F30682A7EB725001AAA87 /* Application */,
				E94F30372A7EB71C001AAA87 /* facebook */,
				E94F304E2A7EB71E001AAA87 /* facebookTests */,
				E94F30582A7EB71E001AAA87 /* facebookUITests */,
				E94F30362A7EB71C001AAA87 /* Products */,
			);
			sourceTree = "<group>";
		};
		E94F30362A7EB71C001AAA87 /* Products */ = {
			isa = PBXGroup;
			children = (
				E94F30352A7EB71C001AAA87 /* facebook.app */,
				E94F304B2A7EB71E001AAA87 /* facebookTests.xctest */,
				E94F30552A7EB71E001AAA87 /* facebookUITests.xctest */,
			);
			name = Products;
			sourceTree = "<group>";
		};
		E94F30372A7EB71C001AAA87 /* facebook */ = {
			isa = PBXGroup;
			children = (
				E94F30432A7EB71E001AAA87 /* LaunchScreen.storyboard */,
				E94F30462A7EB71E001AAA87 /* Info.plist */,
			);
			path = facebook;
			sourceTree = "<group>";
		};
		E94F304E2A7EB71E001AAA87 /* facebookTests */ = {
			isa = PBXGroup;
			children = (
				E94F304F2A7EB71E001AAA87 /* facebookTests.swift */,
			);
			path = facebookTests;
			sourceTree = "<group>";
		};
		E94F30582A7EB71E001AAA87 /* facebookUITests */ = {
			isa = PBXGroup;
			children = (
				E94F30592A7EB71E001AAA87 /* facebookUITests.swift */,
				E94F305B2A7EB71E001AAA87 /* facebookUITestsLaunchTests.swift */,
			);
			path = facebookUITests;
			sourceTree = "<group>";
		};
		E94F30682A7EB725001AAA87 /* Application */ = {
			isa = PBXGroup;
			children = (
				E96F32F82A9CEC53008538D8 /* Di */,
				E94F30382A7EB71C001AAA87 /* AppDelegate.swift */,
				E94F303A2A7EB71C001AAA87 /* SceneDelegate.swift */,
				E96F32F62A9CE8EE008538D8 /* AppConfigurations.swift */,
			);
			path = Application;
			sourceTree = "<group>";
		};
		E94F30692A7EB737001AAA87 /* Assets */ = {
			isa = PBXGroup;
			children = (
				E94F30412A7EB71E001AAA87 /* Images.xcassets */,
				E94F306A2A7EB758001AAA87 /* Colors.xcassets */,
			);
			path = Assets;
			sourceTree = "<group>";
		};
		E94F306C2A7EB8CC001AAA87 /* CustomUI */ = {
			isa = PBXGroup;
			children = (
				E94F309D2A7F58E6001AAA87 /* Navbar */,
				E94F306D2A7EB8DE001AAA87 /* CustomNavigationController.swift */,
			);
			path = CustomUI;
			sourceTree = "<group>";
		};
		E94F306F2A7EB976001AAA87 /* Utils */ = {
			isa = PBXGroup;
			children = (
				E94F30732A7EB9CA001AAA87 /* Protocols */,
				E94F30702A7EB994001AAA87 /* Extensions */,
			);
			path = Utils;
			sourceTree = "<group>";
		};
		E94F30702A7EB994001AAA87 /* Extensions */ = {
			isa = PBXGroup;
			children = (
				E94F30712A7EB9AF001AAA87 /* UIImage.swift */,
			);
			path = Extensions;
			sourceTree = "<group>";
		};
		E94F30732A7EB9CA001AAA87 /* Protocols */ = {
			isa = PBXGroup;
			children = (
				E94F30742A7EB9DC001AAA87 /* StoryboardInstantiable.swift */,
				E94F30762A7EB9F2001AAA87 /* Alertable.swift */,
			);
			path = Protocols;
			sourceTree = "<group>";
		};
		E94F30782A7EBA1B001AAA87 /* Data */ = {
			isa = PBXGroup;
			children = (
				E94F30792A7EBA20001AAA87 /* Local */,
			);
			path = Data;
			sourceTree = "<group>";
		};
		E94F30792A7EBA20001AAA87 /* Local */ = {
			isa = PBXGroup;
			children = (
				E94F307A2A7EBA2E001AAA87 /* KeychainManager.swift */,
				E94F307C2A7EBA47001AAA87 /* UserDefaultsManager.swift */,
			);
			path = Local;
			sourceTree = "<group>";
		};
		E94F307E2A7EBA74001AAA87 /* Models */ = {
			isa = PBXGroup;
			children = (
				E94F307F2A7EBA85001AAA87 /* ConfigDataModel.swift */,
			);
			path = Models;
			sourceTree = "<group>";
		};
		E94F30812A7EBAB1001AAA87 /* Presentations */ = {
			isa = PBXGroup;
			children = (
				E9CDAF9F2A8D33F80041326C /* Notification */,
				E9CDAF9E2A8D33EB0041326C /* Friend */,
				E94F30862A7EBAF8001AAA87 /* ChangePassword */,
				E94F30852A7EBAEC001AAA87 /* Login */,
				E94F30842A7EBAE6001AAA87 /* Profile */,
				E94F30832A7EBAD9001AAA87 /* Home */,
				E94F30822A7EBAD4001AAA87 /* Tabbar */,
			);
			path = Presentations;
			sourceTree = "<group>";
		};
		E94F30822A7EBAD4001AAA87 /* Tabbar */ = {
			isa = PBXGroup;
			children = (
				E9CDAF992A8D219F0041326C /* CustomTabbarViewController.storyboard */,
				E9CDAF9C2A8D25AC0041326C /* CustomTabbarViewController.swift */,
			);
			path = Tabbar;
			sourceTree = "<group>";
		};
		E94F30832A7EBAD9001AAA87 /* Home */ = {
			isa = PBXGroup;
			children = (
				E94F30892A7EBB6A001AAA87 /* View */,
			);
			path = Home;
			sourceTree = "<group>";
		};
		E94F30842A7EBAE6001AAA87 /* Profile */ = {
			isa = PBXGroup;
			children = (
				E94F30932A7EBD5A001AAA87 /* View */,
			);
			path = Profile;
			sourceTree = "<group>";
		};
		E94F30852A7EBAEC001AAA87 /* Login */ = {
			isa = PBXGroup;
			children = (
				E94F308E2A7EBC3B001AAA87 /* View */,
			);
			path = Login;
			sourceTree = "<group>";
		};
		E94F30862A7EBAF8001AAA87 /* ChangePassword */ = {
			isa = PBXGroup;
			children = (
				E94F30982A7EBDD5001AAA87 /* View */,
			);
			path = ChangePassword;
			sourceTree = "<group>";
		};
		E94F30892A7EBB6A001AAA87 /* View */ = {
			isa = PBXGroup;
			children = (
				E94F308A2A7EBB7F001AAA87 /* HomeViewController.storyboard */,
				E94F308C2A7EBB8D001AAA87 /* HomeViewController.swift */,
			);
			path = View;
			sourceTree = "<group>";
		};
		E94F308E2A7EBC3B001AAA87 /* View */ = {
			isa = PBXGroup;
			children = (
				E94F308F2A7EBC4A001AAA87 /* LoginViewController.swift */,
				E94F30912A7EBC96001AAA87 /* LoginViewController.storyboard */,
			);
			path = View;
			sourceTree = "<group>";
		};
		E94F30932A7EBD5A001AAA87 /* View */ = {
			isa = PBXGroup;
			children = (
				E94F30942A7EBD7E001AAA87 /* ProfileViewController.swift */,
				E94F30962A7EBD98001AAA87 /* ProfileViewController.storyboard */,
			);
			path = View;
			sourceTree = "<group>";
		};
		E94F30982A7EBDD5001AAA87 /* View */ = {
			isa = PBXGroup;
			children = (
				E94F30992A7EBDE2001AAA87 /* ChangePasswordViewController.storyboard */,
				E94F309B2A7EBDF2001AAA87 /* ChangePasswordViewController.swift */,
			);
			path = View;
			sourceTree = "<group>";
		};
		E94F309D2A7F58E6001AAA87 /* Navbar */ = {
			isa = PBXGroup;
			children = (
				E94F309E2A7F5929001AAA87 /* BackNavBar.swift */,
			);
			path = Navbar;
			sourceTree = "<group>";
		};
		E96F32F22A9CE72D008538D8 /* Configuration */ = {
			isa = PBXGroup;
			children = (
				E96F32F32A9CE754008538D8 /* Dev.xcconfig */,
				E96F32F42A9CE76B008538D8 /* Staging.xcconfig */,
				E96F32F52A9CE774008538D8 /* Product.xcconfig */,
			);
			path = Configuration;
			sourceTree = "<group>";
		};
		E96F32F82A9CEC53008538D8 /* Di */ = {
			isa = PBXGroup;
			children = (
			);
			path = Di;
			sourceTree = "<group>";
		};
		E96F32F92A9CEC67008538D8 /* Domain */ = {
			isa = PBXGroup;
			children = (
			);
			path = Domain;
			sourceTree = "<group>";
		};
		E9CDAF9E2A8D33EB0041326C /* Friend */ = {
			isa = PBXGroup;
			children = (
				E9CDAFA82A8D34880041326C /* View */,
			);
			path = Friend;
			sourceTree = "<group>";
		};
		E9CDAF9F2A8D33F80041326C /* Notification */ = {
			isa = PBXGroup;
			children = (
				E9CDAFA92A8D34980041326C /* View */,
			);
			path = Notification;
			sourceTree = "<group>";
		};
		E9CDAFA82A8D34880041326C /* View */ = {
			isa = PBXGroup;
			children = (
				E9CDAFA62A8D34650041326C /* FriendTabViewController.swift */,
				E9CDAFA42A8D345A0041326C /* FriendTabViewController.storyboard */,
			);
			path = View;
			sourceTree = "<group>";
		};
		E9CDAFA92A8D34980041326C /* View */ = {
			isa = PBXGroup;
			children = (
				E9CDAFA02A8D34230041326C /* NotificationTabViewController.storyboard */,
				E9CDAFA22A8D342F0041326C /* NotificationTabViewController.swift */,
			);
			path = View;
			sourceTree = "<group>";
		};
/* End PBXGroup section */

/* Begin PBXNativeTarget section */
		E94F30342A7EB71C001AAA87 /* facebook */ = {
			isa = PBXNativeTarget;
			buildConfigurationList = E94F305F2A7EB71E001AAA87 /* Build configuration list for PBXNativeTarget "facebook" */;
			buildPhases = (
				E94F30312A7EB71C001AAA87 /* Sources */,
				E94F30322A7EB71C001AAA87 /* Frameworks */,
				E94F30332A7EB71C001AAA87 /* Resources */,
			);
			buildRules = (
			);
			dependencies = (
			);
			name = facebook;
			productName = facebook;
			productReference = E94F30352A7EB71C001AAA87 /* facebook.app */;
			productType = "com.apple.product-type.application";
		};
		E94F304A2A7EB71E001AAA87 /* facebookTests */ = {
			isa = PBXNativeTarget;
			buildConfigurationList = E94F30622A7EB71E001AAA87 /* Build configuration list for PBXNativeTarget "facebookTests" */;
			buildPhases = (
				E94F30472A7EB71E001AAA87 /* Sources */,
				E94F30482A7EB71E001AAA87 /* Frameworks */,
				E94F30492A7EB71E001AAA87 /* Resources */,
			);
			buildRules = (
			);
			dependencies = (
				E94F304D2A7EB71E001AAA87 /* PBXTargetDependency */,
			);
			name = facebookTests;
			productName = facebookTests;
			productReference = E94F304B2A7EB71E001AAA87 /* facebookTests.xctest */;
			productType = "com.apple.product-type.bundle.unit-test";
		};
		E94F30542A7EB71E001AAA87 /* facebookUITests */ = {
			isa = PBXNativeTarget;
			buildConfigurationList = E94F30652A7EB71E001AAA87 /* Build configuration list for PBXNativeTarget "facebookUITests" */;
			buildPhases = (
				E94F30512A7EB71E001AAA87 /* Sources */,
				E94F30522A7EB71E001AAA87 /* Frameworks */,
				E94F30532A7EB71E001AAA87 /* Resources */,
			);
			buildRules = (
			);
			dependencies = (
				E94F30572A7EB71E001AAA87 /* PBXTargetDependency */,
			);
			name = facebookUITests;
			productName = facebookUITests;
			productReference = E94F30552A7EB71E001AAA87 /* facebookUITests.xctest */;
			productType = "com.apple.product-type.bundle.ui-testing";
		};
/* End PBXNativeTarget section */

/* Begin PBXProject section */
		E94F302D2A7EB71C001AAA87 /* Project object */ = {
			isa = PBXProject;
			attributes = {
				BuildIndependentTargetsInParallel = 1;
				LastSwiftUpdateCheck = 1430;
				LastUpgradeCheck = 1430;
				TargetAttributes = {
					E94F30342A7EB71C001AAA87 = {
						CreatedOnToolsVersion = 14.3.1;
					};
					E94F304A2A7EB71E001AAA87 = {
						CreatedOnToolsVersion = 14.3.1;
						TestTargetID = E94F30342A7EB71C001AAA87;
					};
					E94F30542A7EB71E001AAA87 = {
						CreatedOnToolsVersion = 14.3.1;
						TestTargetID = E94F30342A7EB71C001AAA87;
					};
				};
			};
			buildConfigurationList = E94F30302A7EB71C001AAA87 /* Build configuration list for PBXProject "facebook" */;
			compatibilityVersion = "Xcode 14.0";
			developmentRegion = en;
			hasScannedForEncodings = 0;
			knownRegions = (
				en,
				Base,
			);
			mainGroup = E94F302C2A7EB71C001AAA87;
			productRefGroup = E94F30362A7EB71C001AAA87 /* Products */;
			projectDirPath = "";
			projectRoot = "";
			targets = (
				E94F30342A7EB71C001AAA87 /* facebook */,
				E94F304A2A7EB71E001AAA87 /* facebookTests */,
				E94F30542A7EB71E001AAA87 /* facebookUITests */,
			);
		};
/* End PBXProject section */

/* Begin PBXResourcesBuildPhase section */
		E94F30332A7EB71C001AAA87 /* Resources */ = {
			isa = PBXResourcesBuildPhase;
			buildActionMask = 2147483647;
			files = (
				E94F308B2A7EBB7F001AAA87 /* HomeViewController.storyboard in Resources */,
				E94F309A2A7EBDE2001AAA87 /* ChangePasswordViewController.storyboard in Resources */,
				E94F30452A7EB71E001AAA87 /* LaunchScreen.storyboard in Resources */,
				E94F30972A7EBD98001AAA87 /* ProfileViewController.storyboard in Resources */,
				E9CDAFAD2A8DADA30041326C /* .gitignore in Resources */,
				E94F30922A7EBC96001AAA87 /* LoginViewController.storyboard in Resources */,
				E9CDAF9A2A8D219F0041326C /* CustomTabbarViewController.storyboard in Resources */,
				E94F306B2A7EB758001AAA87 /* Colors.xcassets in Resources */,
				E9CDAFA52A8D345A0041326C /* FriendTabViewController.storyboard in Resources */,
				E9CDAFA12A8D34230041326C /* NotificationTabViewController.storyboard in Resources */,
				E9CDAFAB2A8DAD3B0041326C /* README.md in Resources */,
				E94F30422A7EB71E001AAA87 /* Images.xcassets in Resources */,
			);
			runOnlyForDeploymentPostprocessing = 0;
		};
		E94F30492A7EB71E001AAA87 /* Resources */ = {
			isa = PBXResourcesBuildPhase;
			buildActionMask = 2147483647;
			files = (
			);
			runOnlyForDeploymentPostprocessing = 0;
		};
		E94F30532A7EB71E001AAA87 /* Resources */ = {
			isa = PBXResourcesBuildPhase;
			buildActionMask = 2147483647;
			files = (
			);
			runOnlyForDeploymentPostprocessing = 0;
		};
/* End PBXResourcesBuildPhase section */

/* Begin PBXSourcesBuildPhase section */
		E94F30312A7EB71C001AAA87 /* Sources */ = {
			isa = PBXSourcesBuildPhase;
			buildActionMask = 2147483647;
			files = (
				E94F30902A7EBC4A001AAA87 /* LoginViewController.swift in Sources */,
				E94F30772A7EB9F2001AAA87 /* Alertable.swift in Sources */,
				E9CDAF9D2A8D25AC0041326C /* CustomTabbarViewController.swift in Sources */,
				E94F306E2A7EB8DE001AAA87 /* CustomNavigationController.swift in Sources */,
				E94F307B2A7EBA2E001AAA87 /* KeychainManager.swift in Sources */,
				E94F30722A7EB9AF001AAA87 /* UIImage.swift in Sources */,
				E94F30802A7EBA85001AAA87 /* ConfigDataModel.swift in Sources */,
				E94F30752A7EB9DC001AAA87 /* StoryboardInstantiable.swift in Sources */,
				E9CDAFA72A8D34650041326C /* FriendTabViewController.swift in Sources */,
				E94F30392A7EB71C001AAA87 /* AppDelegate.swift in Sources */,
				E94F309F2A7F5929001AAA87 /* BackNavBar.swift in Sources */,
				E94F308D2A7EBB8D001AAA87 /* HomeViewController.swift in Sources */,
				E9CDAFA32A8D342F0041326C /* NotificationTabViewController.swift in Sources */,
				E94F307D2A7EBA47001AAA87 /* UserDefaultsManager.swift in Sources */,
				E94F30952A7EBD7E001AAA87 /* ProfileViewController.swift in Sources */,
				E94F303B2A7EB71C001AAA87 /* SceneDelegate.swift in Sources */,
				E96F32F72A9CE8EE008538D8 /* AppConfigurations.swift in Sources */,
				E94F309C2A7EBDF2001AAA87 /* ChangePasswordViewController.swift in Sources */,
			);
			runOnlyForDeploymentPostprocessing = 0;
		};
		E94F30472A7EB71E001AAA87 /* Sources */ = {
			isa = PBXSourcesBuildPhase;
			buildActionMask = 2147483647;
			files = (
				E94F30502A7EB71E001AAA87 /* facebookTests.swift in Sources */,
			);
			runOnlyForDeploymentPostprocessing = 0;
		};
		E94F30512A7EB71E001AAA87 /* Sources */ = {
			isa = PBXSourcesBuildPhase;
			buildActionMask = 2147483647;
			files = (
				E94F305C2A7EB71E001AAA87 /* facebookUITestsLaunchTests.swift in Sources */,
				E94F305A2A7EB71E001AAA87 /* facebookUITests.swift in Sources */,
			);
			runOnlyForDeploymentPostprocessing = 0;
		};
/* End PBXSourcesBuildPhase section */

/* Begin PBXTargetDependency section */
		E94F304D2A7EB71E001AAA87 /* PBXTargetDependency */ = {
			isa = PBXTargetDependency;
			target = E94F30342A7EB71C001AAA87 /* facebook */;
			targetProxy = E94F304C2A7EB71E001AAA87 /* PBXContainerItemProxy */;
		};
		E94F30572A7EB71E001AAA87 /* PBXTargetDependency */ = {
			isa = PBXTargetDependency;
			target = E94F30342A7EB71C001AAA87 /* facebook */;
			targetProxy = E94F30562A7EB71E001AAA87 /* PBXContainerItemProxy */;
		};
/* End PBXTargetDependency section */

/* Begin PBXVariantGroup section */
		E94F30432A7EB71E001AAA87 /* LaunchScreen.storyboard */ = {
			isa = PBXVariantGroup;
			children = (
				E94F30442A7EB71E001AAA87 /* Base */,
			);
			name = LaunchScreen.storyboard;
			sourceTree = "<group>";
		};
/* End PBXVariantGroup section */

/* Begin XCBuildConfiguration section */
		E94F305D2A7EB71E001AAA87 /* Debug develop */ = {
			isa = XCBuildConfiguration;
			baseConfigurationReference = E96F32F32A9CE754008538D8 /* Dev.xcconfig */;
			buildSettings = {
				ALWAYS_SEARCH_USER_PATHS = NO;
				CLANG_ANALYZER_NONNULL = YES;
				CLANG_ANALYZER_NUMBER_OBJECT_CONVERSION = YES_AGGRESSIVE;
				CLANG_CXX_LANGUAGE_STANDARD = "gnu++20";
				CLANG_ENABLE_MODULES = YES;
				CLANG_ENABLE_OBJC_ARC = YES;
				CLANG_ENABLE_OBJC_WEAK = YES;
				CLANG_WARN_BLOCK_CAPTURE_AUTORELEASING = YES;
				CLANG_WARN_BOOL_CONVERSION = YES;
				CLANG_WARN_COMMA = YES;
				CLANG_WARN_CONSTANT_CONVERSION = YES;
				CLANG_WARN_DEPRECATED_OBJC_IMPLEMENTATIONS = YES;
				CLANG_WARN_DIRECT_OBJC_ISA_USAGE = YES_ERROR;
				CLANG_WARN_DOCUMENTATION_COMMENTS = YES;
				CLANG_WARN_EMPTY_BODY = YES;
				CLANG_WARN_ENUM_CONVERSION = YES;
				CLANG_WARN_INFINITE_RECURSION = YES;
				CLANG_WARN_INT_CONVERSION = YES;
				CLANG_WARN_NON_LITERAL_NULL_CONVERSION = YES;
				CLANG_WARN_OBJC_IMPLICIT_RETAIN_SELF = YES;
				CLANG_WARN_OBJC_LITERAL_CONVERSION = YES;
				CLANG_WARN_OBJC_ROOT_CLASS = YES_ERROR;
				CLANG_WARN_QUOTED_INCLUDE_IN_FRAMEWORK_HEADER = YES;
				CLANG_WARN_RANGE_LOOP_ANALYSIS = YES;
				CLANG_WARN_STRICT_PROTOTYPES = YES;
				CLANG_WARN_SUSPICIOUS_MOVE = YES;
				CLANG_WARN_UNGUARDED_AVAILABILITY = YES_AGGRESSIVE;
				CLANG_WARN_UNREACHABLE_CODE = YES;
				CLANG_WARN__DUPLICATE_METHOD_MATCH = YES;
				COPY_PHASE_STRIP = NO;
				DEBUG_INFORMATION_FORMAT = dwarf;
				ENABLE_STRICT_OBJC_MSGSEND = YES;
				ENABLE_TESTABILITY = YES;
				GCC_C_LANGUAGE_STANDARD = gnu11;
				GCC_DYNAMIC_NO_PIC = NO;
				GCC_NO_COMMON_BLOCKS = YES;
				GCC_OPTIMIZATION_LEVEL = 0;
				GCC_PREPROCESSOR_DEFINITIONS = (
					"DEBUG=1",
					"$(inherited)",
				);
				GCC_WARN_64_TO_32_BIT_CONVERSION = YES;
				GCC_WARN_ABOUT_RETURN_TYPE = YES_ERROR;
				GCC_WARN_UNDECLARED_SELECTOR = YES;
				GCC_WARN_UNINITIALIZED_AUTOS = YES_AGGRESSIVE;
				GCC_WARN_UNUSED_FUNCTION = YES;
				GCC_WARN_UNUSED_VARIABLE = YES;
				IPHONEOS_DEPLOYMENT_TARGET = 16.4;
				MTL_ENABLE_DEBUG_INFO = INCLUDE_SOURCE;
				MTL_FAST_MATH = YES;
				ONLY_ACTIVE_ARCH = YES;
				SDKROOT = iphoneos;
				SWIFT_ACTIVE_COMPILATION_CONDITIONS = DEBUG;
				SWIFT_OPTIMIZATION_LEVEL = "-Onone";
			};
			name = "Debug develop";
		};
		E94F305E2A7EB71E001AAA87 /* Release develop */ = {
			isa = XCBuildConfiguration;
			baseConfigurationReference = E96F32F32A9CE754008538D8 /* Dev.xcconfig */;
			buildSettings = {
				ALWAYS_SEARCH_USER_PATHS = NO;
				CLANG_ANALYZER_NONNULL = YES;
				CLANG_ANALYZER_NUMBER_OBJECT_CONVERSION = YES_AGGRESSIVE;
				CLANG_CXX_LANGUAGE_STANDARD = "gnu++20";
				CLANG_ENABLE_MODULES = YES;
				CLANG_ENABLE_OBJC_ARC = YES;
				CLANG_ENABLE_OBJC_WEAK = YES;
				CLANG_WARN_BLOCK_CAPTURE_AUTORELEASING = YES;
				CLANG_WARN_BOOL_CONVERSION = YES;
				CLANG_WARN_COMMA = YES;
				CLANG_WARN_CONSTANT_CONVERSION = YES;
				CLANG_WARN_DEPRECATED_OBJC_IMPLEMENTATIONS = YES;
				CLANG_WARN_DIRECT_OBJC_ISA_USAGE = YES_ERROR;
				CLANG_WARN_DOCUMENTATION_COMMENTS = YES;
				CLANG_WARN_EMPTY_BODY = YES;
				CLANG_WARN_ENUM_CONVERSION = YES;
				CLANG_WARN_INFINITE_RECURSION = YES;
				CLANG_WARN_INT_CONVERSION = YES;
				CLANG_WARN_NON_LITERAL_NULL_CONVERSION = YES;
				CLANG_WARN_OBJC_IMPLICIT_RETAIN_SELF = YES;
				CLANG_WARN_OBJC_LITERAL_CONVERSION = YES;
				CLANG_WARN_OBJC_ROOT_CLASS = YES_ERROR;
				CLANG_WARN_QUOTED_INCLUDE_IN_FRAMEWORK_HEADER = YES;
				CLANG_WARN_RANGE_LOOP_ANALYSIS = YES;
				CLANG_WARN_STRICT_PROTOTYPES = YES;
				CLANG_WARN_SUSPICIOUS_MOVE = YES;
				CLANG_WARN_UNGUARDED_AVAILABILITY = YES_AGGRESSIVE;
				CLANG_WARN_UNREACHABLE_CODE = YES;
				CLANG_WARN__DUPLICATE_METHOD_MATCH = YES;
				COPY_PHASE_STRIP = NO;
				DEBUG_INFORMATION_FORMAT = "dwarf-with-dsym";
				ENABLE_NS_ASSERTIONS = NO;
				ENABLE_STRICT_OBJC_MSGSEND = YES;
				GCC_C_LANGUAGE_STANDARD = gnu11;
				GCC_NO_COMMON_BLOCKS = YES;
				GCC_WARN_64_TO_32_BIT_CONVERSION = YES;
				GCC_WARN_ABOUT_RETURN_TYPE = YES_ERROR;
				GCC_WARN_UNDECLARED_SELECTOR = YES;
				GCC_WARN_UNINITIALIZED_AUTOS = YES_AGGRESSIVE;
				GCC_WARN_UNUSED_FUNCTION = YES;
				GCC_WARN_UNUSED_VARIABLE = YES;
				IPHONEOS_DEPLOYMENT_TARGET = 16.4;
				MTL_ENABLE_DEBUG_INFO = NO;
				MTL_FAST_MATH = YES;
				SDKROOT = iphoneos;
				SWIFT_COMPILATION_MODE = wholemodule;
				SWIFT_OPTIMIZATION_LEVEL = "-O";
				VALIDATE_PRODUCT = YES;
			};
			name = "Release develop";
		};
		E94F30602A7EB71E001AAA87 /* Debug develop */ = {
			isa = XCBuildConfiguration;
			buildSettings = {
				ASSETCATALOG_COMPILER_APPICON_NAME = AppIcon;
				ASSETCATALOG_COMPILER_GLOBAL_ACCENT_COLOR_NAME = AccentColor;
				CODE_SIGN_STYLE = Automatic;
				CURRENT_PROJECT_VERSION = 1;
				GENERATE_INFOPLIST_FILE = YES;
				INFOPLIST_FILE = facebook/Info.plist;
				INFOPLIST_KEY_LSApplicationCategoryType = "";
				INFOPLIST_KEY_UIApplicationSupportsIndirectInputEvents = YES;
				INFOPLIST_KEY_UILaunchStoryboardName = LaunchScreen;
				INFOPLIST_KEY_UISupportedInterfaceOrientations_iPad = "UIInterfaceOrientationPortrait UIInterfaceOrientationPortraitUpsideDown UIInterfaceOrientationLandscapeLeft UIInterfaceOrientationLandscapeRight";
				INFOPLIST_KEY_UISupportedInterfaceOrientations_iPhone = "UIInterfaceOrientationPortrait UIInterfaceOrientationLandscapeLeft UIInterfaceOrientationLandscapeRight";
				LD_RUNPATH_SEARCH_PATHS = (
					"$(inherited)",
					"@executable_path/Frameworks",
				);
				MARKETING_VERSION = 1.0;
				PRODUCT_BUNDLE_IDENTIFIER = com.namlv.facebook.facebook;
				PRODUCT_NAME = "$(TARGET_NAME)";
				SWIFT_EMIT_LOC_STRINGS = YES;
				SWIFT_VERSION = 5.0;
				TARGETED_DEVICE_FAMILY = "1,2";
			};
			name = "Debug develop";
		};
		E94F30612A7EB71E001AAA87 /* Release develop */ = {
			isa = XCBuildConfiguration;
			buildSettings = {
				ASSETCATALOG_COMPILER_APPICON_NAME = AppIcon;
				ASSETCATALOG_COMPILER_GLOBAL_ACCENT_COLOR_NAME = AccentColor;
				CODE_SIGN_STYLE = Automatic;
				CURRENT_PROJECT_VERSION = 1;
				GENERATE_INFOPLIST_FILE = YES;
				INFOPLIST_FILE = facebook/Info.plist;
				INFOPLIST_KEY_LSApplicationCategoryType = "";
				INFOPLIST_KEY_UIApplicationSupportsIndirectInputEvents = YES;
				INFOPLIST_KEY_UILaunchStoryboardName = LaunchScreen;
				INFOPLIST_KEY_UISupportedInterfaceOrientations_iPad = "UIInterfaceOrientationPortrait UIInterfaceOrientationPortraitUpsideDown UIInterfaceOrientationLandscapeLeft UIInterfaceOrientationLandscapeRight";
				INFOPLIST_KEY_UISupportedInterfaceOrientations_iPhone = "UIInterfaceOrientationPortrait UIInterfaceOrientationLandscapeLeft UIInterfaceOrientationLandscapeRight";
				LD_RUNPATH_SEARCH_PATHS = (
					"$(inherited)",
					"@executable_path/Frameworks",
				);
				MARKETING_VERSION = 1.0;
				PRODUCT_BUNDLE_IDENTIFIER = com.namlv.facebook.facebook;
				PRODUCT_NAME = "$(TARGET_NAME)";
				SWIFT_EMIT_LOC_STRINGS = YES;
				SWIFT_VERSION = 5.0;
				TARGETED_DEVICE_FAMILY = "1,2";
			};
			name = "Release develop";
		};
		E94F30632A7EB71E001AAA87 /* Debug develop */ = {
			isa = XCBuildConfiguration;
			buildSettings = {
				ALWAYS_EMBED_SWIFT_STANDARD_LIBRARIES = YES;
				BUNDLE_LOADER = "$(TEST_HOST)";
				CODE_SIGN_STYLE = Automatic;
				CURRENT_PROJECT_VERSION = 1;
				GENERATE_INFOPLIST_FILE = YES;
				IPHONEOS_DEPLOYMENT_TARGET = 16.4;
				MARKETING_VERSION = 1.0;
				PRODUCT_BUNDLE_IDENTIFIER = com.namlv.facebook.facebookTests;
				PRODUCT_NAME = "$(TARGET_NAME)";
				SWIFT_EMIT_LOC_STRINGS = NO;
				SWIFT_VERSION = 5.0;
				TARGETED_DEVICE_FAMILY = "1,2";
				TEST_HOST = "$(BUILT_PRODUCTS_DIR)/facebook.app/$(BUNDLE_EXECUTABLE_FOLDER_PATH)/facebook";
			};
			name = "Debug develop";
		};
		E94F30642A7EB71E001AAA87 /* Release develop */ = {
			isa = XCBuildConfiguration;
			buildSettings = {
				ALWAYS_EMBED_SWIFT_STANDARD_LIBRARIES = YES;
				BUNDLE_LOADER = "$(TEST_HOST)";
				CODE_SIGN_STYLE = Automatic;
				CURRENT_PROJECT_VERSION = 1;
				GENERATE_INFOPLIST_FILE = YES;
				IPHONEOS_DEPLOYMENT_TARGET = 16.4;
				MARKETING_VERSION = 1.0;
				PRODUCT_BUNDLE_IDENTIFIER = com.namlv.facebook.facebookTests;
				PRODUCT_NAME = "$(TARGET_NAME)";
				SWIFT_EMIT_LOC_STRINGS = NO;
				SWIFT_VERSION = 5.0;
				TARGETED_DEVICE_FAMILY = "1,2";
				TEST_HOST = "$(BUILT_PRODUCTS_DIR)/facebook.app/$(BUNDLE_EXECUTABLE_FOLDER_PATH)/facebook";
			};
			name = "Release develop";
		};
		E94F30662A7EB71E001AAA87 /* Debug develop */ = {
			isa = XCBuildConfiguration;
			buildSettings = {
				ALWAYS_EMBED_SWIFT_STANDARD_LIBRARIES = YES;
				CODE_SIGN_STYLE = Automatic;
				CURRENT_PROJECT_VERSION = 1;
				GENERATE_INFOPLIST_FILE = YES;
				MARKETING_VERSION = 1.0;
				PRODUCT_BUNDLE_IDENTIFIER = com.namlv.facebook.facebookUITests;
				PRODUCT_NAME = "$(TARGET_NAME)";
				SWIFT_EMIT_LOC_STRINGS = NO;
				SWIFT_VERSION = 5.0;
				TARGETED_DEVICE_FAMILY = "1,2";
				TEST_TARGET_NAME = facebook;
			};
			name = "Debug develop";
		};
		E94F30672A7EB71E001AAA87 /* Release develop */ = {
			isa = XCBuildConfiguration;
			buildSettings = {
				ALWAYS_EMBED_SWIFT_STANDARD_LIBRARIES = YES;
				CODE_SIGN_STYLE = Automatic;
				CURRENT_PROJECT_VERSION = 1;
				GENERATE_INFOPLIST_FILE = YES;
				MARKETING_VERSION = 1.0;
				PRODUCT_BUNDLE_IDENTIFIER = com.namlv.facebook.facebookUITests;
				PRODUCT_NAME = "$(TARGET_NAME)";
				SWIFT_EMIT_LOC_STRINGS = NO;
				SWIFT_VERSION = 5.0;
				TARGETED_DEVICE_FAMILY = "1,2";
				TEST_TARGET_NAME = facebook;
			};
			name = "Release develop";
		};
		E96F32E12A9CE2EE008538D8 /* Debug staging */ = {
			isa = XCBuildConfiguration;
			baseConfigurationReference = E96F32F42A9CE76B008538D8 /* Staging.xcconfig */;
			buildSettings = {
				ALWAYS_SEARCH_USER_PATHS = NO;
				CLANG_ANALYZER_NONNULL = YES;
				CLANG_ANALYZER_NUMBER_OBJECT_CONVERSION = YES_AGGRESSIVE;
				CLANG_CXX_LANGUAGE_STANDARD = "gnu++20";
				CLANG_ENABLE_MODULES = YES;
				CLANG_ENABLE_OBJC_ARC = YES;
				CLANG_ENABLE_OBJC_WEAK = YES;
				CLANG_WARN_BLOCK_CAPTURE_AUTORELEASING = YES;
				CLANG_WARN_BOOL_CONVERSION = YES;
				CLANG_WARN_COMMA = YES;
				CLANG_WARN_CONSTANT_CONVERSION = YES;
				CLANG_WARN_DEPRECATED_OBJC_IMPLEMENTATIONS = YES;
				CLANG_WARN_DIRECT_OBJC_ISA_USAGE = YES_ERROR;
				CLANG_WARN_DOCUMENTATION_COMMENTS = YES;
				CLANG_WARN_EMPTY_BODY = YES;
				CLANG_WARN_ENUM_CONVERSION = YES;
				CLANG_WARN_INFINITE_RECURSION = YES;
				CLANG_WARN_INT_CONVERSION = YES;
				CLANG_WARN_NON_LITERAL_NULL_CONVERSION = YES;
				CLANG_WARN_OBJC_IMPLICIT_RETAIN_SELF = YES;
				CLANG_WARN_OBJC_LITERAL_CONVERSION = YES;
				CLANG_WARN_OBJC_ROOT_CLASS = YES_ERROR;
				CLANG_WARN_QUOTED_INCLUDE_IN_FRAMEWORK_HEADER = YES;
				CLANG_WARN_RANGE_LOOP_ANALYSIS = YES;
				CLANG_WARN_STRICT_PROTOTYPES = YES;
				CLANG_WARN_SUSPICIOUS_MOVE = YES;
				CLANG_WARN_UNGUARDED_AVAILABILITY = YES_AGGRESSIVE;
				CLANG_WARN_UNREACHABLE_CODE = YES;
				CLANG_WARN__DUPLICATE_METHOD_MATCH = YES;
				COPY_PHASE_STRIP = NO;
				DEBUG_INFORMATION_FORMAT = dwarf;
				ENABLE_STRICT_OBJC_MSGSEND = YES;
				ENABLE_TESTABILITY = YES;
				GCC_C_LANGUAGE_STANDARD = gnu11;
				GCC_DYNAMIC_NO_PIC = NO;
				GCC_NO_COMMON_BLOCKS = YES;
				GCC_OPTIMIZATION_LEVEL = 0;
				GCC_PREPROCESSOR_DEFINITIONS = (
					"DEBUG=1",
					"$(inherited)",
				);
				GCC_WARN_64_TO_32_BIT_CONVERSION = YES;
				GCC_WARN_ABOUT_RETURN_TYPE = YES_ERROR;
				GCC_WARN_UNDECLARED_SELECTOR = YES;
				GCC_WARN_UNINITIALIZED_AUTOS = YES_AGGRESSIVE;
				GCC_WARN_UNUSED_FUNCTION = YES;
				GCC_WARN_UNUSED_VARIABLE = YES;
				IPHONEOS_DEPLOYMENT_TARGET = 16.4;
				MTL_ENABLE_DEBUG_INFO = INCLUDE_SOURCE;
				MTL_FAST_MATH = YES;
				ONLY_ACTIVE_ARCH = YES;
				SDKROOT = iphoneos;
				SWIFT_ACTIVE_COMPILATION_CONDITIONS = DEBUG;
				SWIFT_OPTIMIZATION_LEVEL = "-Onone";
			};
			name = "Debug staging";
		};
		E96F32E22A9CE2EE008538D8 /* Debug staging */ = {
			isa = XCBuildConfiguration;
			buildSettings = {
				ASSETCATALOG_COMPILER_APPICON_NAME = AppIcon;
				ASSETCATALOG_COMPILER_GLOBAL_ACCENT_COLOR_NAME = AccentColor;
				CODE_SIGN_STYLE = Automatic;
				CURRENT_PROJECT_VERSION = 1;
				GENERATE_INFOPLIST_FILE = YES;
				INFOPLIST_FILE = facebook/Info.plist;
				INFOPLIST_KEY_LSApplicationCategoryType = "";
				INFOPLIST_KEY_UIApplicationSupportsIndirectInputEvents = YES;
				INFOPLIST_KEY_UILaunchStoryboardName = LaunchScreen;
				INFOPLIST_KEY_UISupportedInterfaceOrientations_iPad = "UIInterfaceOrientationPortrait UIInterfaceOrientationPortraitUpsideDown UIInterfaceOrientationLandscapeLeft UIInterfaceOrientationLandscapeRight";
				INFOPLIST_KEY_UISupportedInterfaceOrientations_iPhone = "UIInterfaceOrientationPortrait UIInterfaceOrientationLandscapeLeft UIInterfaceOrientationLandscapeRight";
				LD_RUNPATH_SEARCH_PATHS = (
					"$(inherited)",
					"@executable_path/Frameworks",
				);
				MARKETING_VERSION = 1.0;
				PRODUCT_BUNDLE_IDENTIFIER = com.namlv.facebook.facebook;
				PRODUCT_NAME = "$(TARGET_NAME)";
				SWIFT_EMIT_LOC_STRINGS = YES;
				SWIFT_VERSION = 5.0;
				TARGETED_DEVICE_FAMILY = "1,2";
			};
			name = "Debug staging";
		};
		E96F32E32A9CE2EE008538D8 /* Debug staging */ = {
			isa = XCBuildConfiguration;
			buildSettings = {
				ALWAYS_EMBED_SWIFT_STANDARD_LIBRARIES = YES;
				BUNDLE_LOADER = "$(TEST_HOST)";
				CODE_SIGN_STYLE = Automatic;
				CURRENT_PROJECT_VERSION = 1;
				GENERATE_INFOPLIST_FILE = YES;
				IPHONEOS_DEPLOYMENT_TARGET = 16.4;
				MARKETING_VERSION = 1.0;
				PRODUCT_BUNDLE_IDENTIFIER = com.namlv.facebook.facebookTests;
				PRODUCT_NAME = "$(TARGET_NAME)";
				SWIFT_EMIT_LOC_STRINGS = NO;
				SWIFT_VERSION = 5.0;
				TARGETED_DEVICE_FAMILY = "1,2";
				TEST_HOST = "$(BUILT_PRODUCTS_DIR)/facebook.app/$(BUNDLE_EXECUTABLE_FOLDER_PATH)/facebook";
			};
			name = "Debug staging";
		};
		E96F32E42A9CE2EE008538D8 /* Debug staging */ = {
			isa = XCBuildConfiguration;
			buildSettings = {
				ALWAYS_EMBED_SWIFT_STANDARD_LIBRARIES = YES;
				CODE_SIGN_STYLE = Automatic;
				CURRENT_PROJECT_VERSION = 1;
				GENERATE_INFOPLIST_FILE = YES;
				MARKETING_VERSION = 1.0;
				PRODUCT_BUNDLE_IDENTIFIER = com.namlv.facebook.facebookUITests;
				PRODUCT_NAME = "$(TARGET_NAME)";
				SWIFT_EMIT_LOC_STRINGS = NO;
				SWIFT_VERSION = 5.0;
				TARGETED_DEVICE_FAMILY = "1,2";
				TEST_TARGET_NAME = facebook;
			};
			name = "Debug staging";
		};
		E96F32E52A9CE2F8008538D8 /* Debug product */ = {
			isa = XCBuildConfiguration;
			baseConfigurationReference = E96F32F52A9CE774008538D8 /* Product.xcconfig */;
			buildSettings = {
				ALWAYS_SEARCH_USER_PATHS = NO;
				CLANG_ANALYZER_NONNULL = YES;
				CLANG_ANALYZER_NUMBER_OBJECT_CONVERSION = YES_AGGRESSIVE;
				CLANG_CXX_LANGUAGE_STANDARD = "gnu++20";
				CLANG_ENABLE_MODULES = YES;
				CLANG_ENABLE_OBJC_ARC = YES;
				CLANG_ENABLE_OBJC_WEAK = YES;
				CLANG_WARN_BLOCK_CAPTURE_AUTORELEASING = YES;
				CLANG_WARN_BOOL_CONVERSION = YES;
				CLANG_WARN_COMMA = YES;
				CLANG_WARN_CONSTANT_CONVERSION = YES;
				CLANG_WARN_DEPRECATED_OBJC_IMPLEMENTATIONS = YES;
				CLANG_WARN_DIRECT_OBJC_ISA_USAGE = YES_ERROR;
				CLANG_WARN_DOCUMENTATION_COMMENTS = YES;
				CLANG_WARN_EMPTY_BODY = YES;
				CLANG_WARN_ENUM_CONVERSION = YES;
				CLANG_WARN_INFINITE_RECURSION = YES;
				CLANG_WARN_INT_CONVERSION = YES;
				CLANG_WARN_NON_LITERAL_NULL_CONVERSION = YES;
				CLANG_WARN_OBJC_IMPLICIT_RETAIN_SELF = YES;
				CLANG_WARN_OBJC_LITERAL_CONVERSION = YES;
				CLANG_WARN_OBJC_ROOT_CLASS = YES_ERROR;
				CLANG_WARN_QUOTED_INCLUDE_IN_FRAMEWORK_HEADER = YES;
				CLANG_WARN_RANGE_LOOP_ANALYSIS = YES;
				CLANG_WARN_STRICT_PROTOTYPES = YES;
				CLANG_WARN_SUSPICIOUS_MOVE = YES;
				CLANG_WARN_UNGUARDED_AVAILABILITY = YES_AGGRESSIVE;
				CLANG_WARN_UNREACHABLE_CODE = YES;
				CLANG_WARN__DUPLICATE_METHOD_MATCH = YES;
				COPY_PHASE_STRIP = NO;
				DEBUG_INFORMATION_FORMAT = dwarf;
				ENABLE_STRICT_OBJC_MSGSEND = YES;
				ENABLE_TESTABILITY = YES;
				GCC_C_LANGUAGE_STANDARD = gnu11;
				GCC_DYNAMIC_NO_PIC = NO;
				GCC_NO_COMMON_BLOCKS = YES;
				GCC_OPTIMIZATION_LEVEL = 0;
				GCC_PREPROCESSOR_DEFINITIONS = (
					"DEBUG=1",
					"$(inherited)",
				);
				GCC_WARN_64_TO_32_BIT_CONVERSION = YES;
				GCC_WARN_ABOUT_RETURN_TYPE = YES_ERROR;
				GCC_WARN_UNDECLARED_SELECTOR = YES;
				GCC_WARN_UNINITIALIZED_AUTOS = YES_AGGRESSIVE;
				GCC_WARN_UNUSED_FUNCTION = YES;
				GCC_WARN_UNUSED_VARIABLE = YES;
				IPHONEOS_DEPLOYMENT_TARGET = 16.4;
				MTL_ENABLE_DEBUG_INFO = INCLUDE_SOURCE;
				MTL_FAST_MATH = YES;
				ONLY_ACTIVE_ARCH = YES;
				SDKROOT = iphoneos;
				SWIFT_ACTIVE_COMPILATION_CONDITIONS = DEBUG;
				SWIFT_OPTIMIZATION_LEVEL = "-Onone";
			};
			name = "Debug product";
		};
		E96F32E62A9CE2F8008538D8 /* Debug product */ = {
			isa = XCBuildConfiguration;
			buildSettings = {
				ASSETCATALOG_COMPILER_APPICON_NAME = AppIcon;
				ASSETCATALOG_COMPILER_GLOBAL_ACCENT_COLOR_NAME = AccentColor;
				CODE_SIGN_STYLE = Automatic;
				CURRENT_PROJECT_VERSION = 1;
				GENERATE_INFOPLIST_FILE = YES;
				INFOPLIST_FILE = facebook/Info.plist;
				INFOPLIST_KEY_LSApplicationCategoryType = "";
				INFOPLIST_KEY_UIApplicationSupportsIndirectInputEvents = YES;
				INFOPLIST_KEY_UILaunchStoryboardName = LaunchScreen;
				INFOPLIST_KEY_UISupportedInterfaceOrientations_iPad = "UIInterfaceOrientationPortrait UIInterfaceOrientationPortraitUpsideDown UIInterfaceOrientationLandscapeLeft UIInterfaceOrientationLandscapeRight";
				INFOPLIST_KEY_UISupportedInterfaceOrientations_iPhone = "UIInterfaceOrientationPortrait UIInterfaceOrientationLandscapeLeft UIInterfaceOrientationLandscapeRight";
				LD_RUNPATH_SEARCH_PATHS = (
					"$(inherited)",
					"@executable_path/Frameworks",
				);
				MARKETING_VERSION = 1.0;
				PRODUCT_BUNDLE_IDENTIFIER = com.namlv.facebook.facebook;
				PRODUCT_NAME = "$(TARGET_NAME)";
				SWIFT_EMIT_LOC_STRINGS = YES;
				SWIFT_VERSION = 5.0;
				TARGETED_DEVICE_FAMILY = "1,2";
			};
			name = "Debug product";
		};
		E96F32E72A9CE2F8008538D8 /* Debug product */ = {
			isa = XCBuildConfiguration;
			buildSettings = {
				ALWAYS_EMBED_SWIFT_STANDARD_LIBRARIES = YES;
				BUNDLE_LOADER = "$(TEST_HOST)";
				CODE_SIGN_STYLE = Automatic;
				CURRENT_PROJECT_VERSION = 1;
				GENERATE_INFOPLIST_FILE = YES;
				IPHONEOS_DEPLOYMENT_TARGET = 16.4;
				MARKETING_VERSION = 1.0;
				PRODUCT_BUNDLE_IDENTIFIER = com.namlv.facebook.facebookTests;
				PRODUCT_NAME = "$(TARGET_NAME)";
				SWIFT_EMIT_LOC_STRINGS = NO;
				SWIFT_VERSION = 5.0;
				TARGETED_DEVICE_FAMILY = "1,2";
				TEST_HOST = "$(BUILT_PRODUCTS_DIR)/facebook.app/$(BUNDLE_EXECUTABLE_FOLDER_PATH)/facebook";
			};
			name = "Debug product";
		};
		E96F32E82A9CE2F8008538D8 /* Debug product */ = {
			isa = XCBuildConfiguration;
			buildSettings = {
				ALWAYS_EMBED_SWIFT_STANDARD_LIBRARIES = YES;
				CODE_SIGN_STYLE = Automatic;
				CURRENT_PROJECT_VERSION = 1;
				GENERATE_INFOPLIST_FILE = YES;
				MARKETING_VERSION = 1.0;
				PRODUCT_BUNDLE_IDENTIFIER = com.namlv.facebook.facebookUITests;
				PRODUCT_NAME = "$(TARGET_NAME)";
				SWIFT_EMIT_LOC_STRINGS = NO;
				SWIFT_VERSION = 5.0;
				TARGETED_DEVICE_FAMILY = "1,2";
				TEST_TARGET_NAME = facebook;
			};
			name = "Debug product";
		};
		E96F32E92A9CE305008538D8 /* Release staging */ = {
			isa = XCBuildConfiguration;
			baseConfigurationReference = E96F32F42A9CE76B008538D8 /* Staging.xcconfig */;
			buildSettings = {
				ALWAYS_SEARCH_USER_PATHS = NO;
				CLANG_ANALYZER_NONNULL = YES;
				CLANG_ANALYZER_NUMBER_OBJECT_CONVERSION = YES_AGGRESSIVE;
				CLANG_CXX_LANGUAGE_STANDARD = "gnu++20";
				CLANG_ENABLE_MODULES = YES;
				CLANG_ENABLE_OBJC_ARC = YES;
				CLANG_ENABLE_OBJC_WEAK = YES;
				CLANG_WARN_BLOCK_CAPTURE_AUTORELEASING = YES;
				CLANG_WARN_BOOL_CONVERSION = YES;
				CLANG_WARN_COMMA = YES;
				CLANG_WARN_CONSTANT_CONVERSION = YES;
				CLANG_WARN_DEPRECATED_OBJC_IMPLEMENTATIONS = YES;
				CLANG_WARN_DIRECT_OBJC_ISA_USAGE = YES_ERROR;
				CLANG_WARN_DOCUMENTATION_COMMENTS = YES;
				CLANG_WARN_EMPTY_BODY = YES;
				CLANG_WARN_ENUM_CONVERSION = YES;
				CLANG_WARN_INFINITE_RECURSION = YES;
				CLANG_WARN_INT_CONVERSION = YES;
				CLANG_WARN_NON_LITERAL_NULL_CONVERSION = YES;
				CLANG_WARN_OBJC_IMPLICIT_RETAIN_SELF = YES;
				CLANG_WARN_OBJC_LITERAL_CONVERSION = YES;
				CLANG_WARN_OBJC_ROOT_CLASS = YES_ERROR;
				CLANG_WARN_QUOTED_INCLUDE_IN_FRAMEWORK_HEADER = YES;
				CLANG_WARN_RANGE_LOOP_ANALYSIS = YES;
				CLANG_WARN_STRICT_PROTOTYPES = YES;
				CLANG_WARN_SUSPICIOUS_MOVE = YES;
				CLANG_WARN_UNGUARDED_AVAILABILITY = YES_AGGRESSIVE;
				CLANG_WARN_UNREACHABLE_CODE = YES;
				CLANG_WARN__DUPLICATE_METHOD_MATCH = YES;
				COPY_PHASE_STRIP = NO;
				DEBUG_INFORMATION_FORMAT = "dwarf-with-dsym";
				ENABLE_NS_ASSERTIONS = NO;
				ENABLE_STRICT_OBJC_MSGSEND = YES;
				GCC_C_LANGUAGE_STANDARD = gnu11;
				GCC_NO_COMMON_BLOCKS = YES;
				GCC_WARN_64_TO_32_BIT_CONVERSION = YES;
				GCC_WARN_ABOUT_RETURN_TYPE = YES_ERROR;
				GCC_WARN_UNDECLARED_SELECTOR = YES;
				GCC_WARN_UNINITIALIZED_AUTOS = YES_AGGRESSIVE;
				GCC_WARN_UNUSED_FUNCTION = YES;
				GCC_WARN_UNUSED_VARIABLE = YES;
				IPHONEOS_DEPLOYMENT_TARGET = 16.4;
				MTL_ENABLE_DEBUG_INFO = NO;
				MTL_FAST_MATH = YES;
				SDKROOT = iphoneos;
				SWIFT_COMPILATION_MODE = wholemodule;
				SWIFT_OPTIMIZATION_LEVEL = "-O";
				VALIDATE_PRODUCT = YES;
			};
			name = "Release staging";
		};
		E96F32EA2A9CE305008538D8 /* Release staging */ = {
			isa = XCBuildConfiguration;
			buildSettings = {
				ASSETCATALOG_COMPILER_APPICON_NAME = AppIcon;
				ASSETCATALOG_COMPILER_GLOBAL_ACCENT_COLOR_NAME = AccentColor;
				CODE_SIGN_STYLE = Automatic;
				CURRENT_PROJECT_VERSION = 1;
				GENERATE_INFOPLIST_FILE = YES;
				INFOPLIST_FILE = facebook/Info.plist;
				INFOPLIST_KEY_LSApplicationCategoryType = "";
				INFOPLIST_KEY_UIApplicationSupportsIndirectInputEvents = YES;
				INFOPLIST_KEY_UILaunchStoryboardName = LaunchScreen;
				INFOPLIST_KEY_UISupportedInterfaceOrientations_iPad = "UIInterfaceOrientationPortrait UIInterfaceOrientationPortraitUpsideDown UIInterfaceOrientationLandscapeLeft UIInterfaceOrientationLandscapeRight";
				INFOPLIST_KEY_UISupportedInterfaceOrientations_iPhone = "UIInterfaceOrientationPortrait UIInterfaceOrientationLandscapeLeft UIInterfaceOrientationLandscapeRight";
				LD_RUNPATH_SEARCH_PATHS = (
					"$(inherited)",
					"@executable_path/Frameworks",
				);
				MARKETING_VERSION = 1.0;
				PRODUCT_BUNDLE_IDENTIFIER = com.namlv.facebook.facebook;
				PRODUCT_NAME = "$(TARGET_NAME)";
				SWIFT_EMIT_LOC_STRINGS = YES;
				SWIFT_VERSION = 5.0;
				TARGETED_DEVICE_FAMILY = "1,2";
			};
			name = "Release staging";
		};
		E96F32EB2A9CE305008538D8 /* Release staging */ = {
			isa = XCBuildConfiguration;
			buildSettings = {
				ALWAYS_EMBED_SWIFT_STANDARD_LIBRARIES = YES;
				BUNDLE_LOADER = "$(TEST_HOST)";
				CODE_SIGN_STYLE = Automatic;
				CURRENT_PROJECT_VERSION = 1;
				GENERATE_INFOPLIST_FILE = YES;
				IPHONEOS_DEPLOYMENT_TARGET = 16.4;
				MARKETING_VERSION = 1.0;
				PRODUCT_BUNDLE_IDENTIFIER = com.namlv.facebook.facebookTests;
				PRODUCT_NAME = "$(TARGET_NAME)";
				SWIFT_EMIT_LOC_STRINGS = NO;
				SWIFT_VERSION = 5.0;
				TARGETED_DEVICE_FAMILY = "1,2";
				TEST_HOST = "$(BUILT_PRODUCTS_DIR)/facebook.app/$(BUNDLE_EXECUTABLE_FOLDER_PATH)/facebook";
			};
			name = "Release staging";
		};
		E96F32EC2A9CE305008538D8 /* Release staging */ = {
			isa = XCBuildConfiguration;
			buildSettings = {
				ALWAYS_EMBED_SWIFT_STANDARD_LIBRARIES = YES;
				CODE_SIGN_STYLE = Automatic;
				CURRENT_PROJECT_VERSION = 1;
				GENERATE_INFOPLIST_FILE = YES;
				MARKETING_VERSION = 1.0;
				PRODUCT_BUNDLE_IDENTIFIER = com.namlv.facebook.facebookUITests;
				PRODUCT_NAME = "$(TARGET_NAME)";
				SWIFT_EMIT_LOC_STRINGS = NO;
				SWIFT_VERSION = 5.0;
				TARGETED_DEVICE_FAMILY = "1,2";
				TEST_TARGET_NAME = facebook;
			};
			name = "Release staging";
		};
		E96F32ED2A9CE30D008538D8 /* Release product */ = {
			isa = XCBuildConfiguration;
			baseConfigurationReference = E96F32F52A9CE774008538D8 /* Product.xcconfig */;
			buildSettings = {
				ALWAYS_SEARCH_USER_PATHS = NO;
				CLANG_ANALYZER_NONNULL = YES;
				CLANG_ANALYZER_NUMBER_OBJECT_CONVERSION = YES_AGGRESSIVE;
				CLANG_CXX_LANGUAGE_STANDARD = "gnu++20";
				CLANG_ENABLE_MODULES = YES;
				CLANG_ENABLE_OBJC_ARC = YES;
				CLANG_ENABLE_OBJC_WEAK = YES;
				CLANG_WARN_BLOCK_CAPTURE_AUTORELEASING = YES;
				CLANG_WARN_BOOL_CONVERSION = YES;
				CLANG_WARN_COMMA = YES;
				CLANG_WARN_CONSTANT_CONVERSION = YES;
				CLANG_WARN_DEPRECATED_OBJC_IMPLEMENTATIONS = YES;
				CLANG_WARN_DIRECT_OBJC_ISA_USAGE = YES_ERROR;
				CLANG_WARN_DOCUMENTATION_COMMENTS = YES;
				CLANG_WARN_EMPTY_BODY = YES;
				CLANG_WARN_ENUM_CONVERSION = YES;
				CLANG_WARN_INFINITE_RECURSION = YES;
				CLANG_WARN_INT_CONVERSION = YES;
				CLANG_WARN_NON_LITERAL_NULL_CONVERSION = YES;
				CLANG_WARN_OBJC_IMPLICIT_RETAIN_SELF = YES;
				CLANG_WARN_OBJC_LITERAL_CONVERSION = YES;
				CLANG_WARN_OBJC_ROOT_CLASS = YES_ERROR;
				CLANG_WARN_QUOTED_INCLUDE_IN_FRAMEWORK_HEADER = YES;
				CLANG_WARN_RANGE_LOOP_ANALYSIS = YES;
				CLANG_WARN_STRICT_PROTOTYPES = YES;
				CLANG_WARN_SUSPICIOUS_MOVE = YES;
				CLANG_WARN_UNGUARDED_AVAILABILITY = YES_AGGRESSIVE;
				CLANG_WARN_UNREACHABLE_CODE = YES;
				CLANG_WARN__DUPLICATE_METHOD_MATCH = YES;
				COPY_PHASE_STRIP = NO;
				DEBUG_INFORMATION_FORMAT = "dwarf-with-dsym";
				ENABLE_NS_ASSERTIONS = NO;
				ENABLE_STRICT_OBJC_MSGSEND = YES;
				GCC_C_LANGUAGE_STANDARD = gnu11;
				GCC_NO_COMMON_BLOCKS = YES;
				GCC_WARN_64_TO_32_BIT_CONVERSION = YES;
				GCC_WARN_ABOUT_RETURN_TYPE = YES_ERROR;
				GCC_WARN_UNDECLARED_SELECTOR = YES;
				GCC_WARN_UNINITIALIZED_AUTOS = YES_AGGRESSIVE;
				GCC_WARN_UNUSED_FUNCTION = YES;
				GCC_WARN_UNUSED_VARIABLE = YES;
				IPHONEOS_DEPLOYMENT_TARGET = 16.4;
				MTL_ENABLE_DEBUG_INFO = NO;
				MTL_FAST_MATH = YES;
				SDKROOT = iphoneos;
				SWIFT_COMPILATION_MODE = wholemodule;
				SWIFT_OPTIMIZATION_LEVEL = "-O";
				VALIDATE_PRODUCT = YES;
			};
			name = "Release product";
		};
		E96F32EE2A9CE30D008538D8 /* Release product */ = {
			isa = XCBuildConfiguration;
			buildSettings = {
				ASSETCATALOG_COMPILER_APPICON_NAME = AppIcon;
				ASSETCATALOG_COMPILER_GLOBAL_ACCENT_COLOR_NAME = AccentColor;
				CODE_SIGN_STYLE = Automatic;
				CURRENT_PROJECT_VERSION = 1;
				GENERATE_INFOPLIST_FILE = YES;
				INFOPLIST_FILE = facebook/Info.plist;
				INFOPLIST_KEY_LSApplicationCategoryType = "";
				INFOPLIST_KEY_UIApplicationSupportsIndirectInputEvents = YES;
				INFOPLIST_KEY_UILaunchStoryboardName = LaunchScreen;
				INFOPLIST_KEY_UISupportedInterfaceOrientations_iPad = "UIInterfaceOrientationPortrait UIInterfaceOrientationPortraitUpsideDown UIInterfaceOrientationLandscapeLeft UIInterfaceOrientationLandscapeRight";
				INFOPLIST_KEY_UISupportedInterfaceOrientations_iPhone = "UIInterfaceOrientationPortrait UIInterfaceOrientationLandscapeLeft UIInterfaceOrientationLandscapeRight";
				LD_RUNPATH_SEARCH_PATHS = (
					"$(inherited)",
					"@executable_path/Frameworks",
				);
				MARKETING_VERSION = 1.0;
				PRODUCT_BUNDLE_IDENTIFIER = com.namlv.facebook.facebook;
				PRODUCT_NAME = "$(TARGET_NAME)";
				SWIFT_EMIT_LOC_STRINGS = YES;
				SWIFT_VERSION = 5.0;
				TARGETED_DEVICE_FAMILY = "1,2";
			};
			name = "Release product";
		};
		E96F32EF2A9CE30D008538D8 /* Release product */ = {
			isa = XCBuildConfiguration;
			buildSettings = {
				ALWAYS_EMBED_SWIFT_STANDARD_LIBRARIES = YES;
				BUNDLE_LOADER = "$(TEST_HOST)";
				CODE_SIGN_STYLE = Automatic;
				CURRENT_PROJECT_VERSION = 1;
				GENERATE_INFOPLIST_FILE = YES;
				IPHONEOS_DEPLOYMENT_TARGET = 16.4;
				MARKETING_VERSION = 1.0;
				PRODUCT_BUNDLE_IDENTIFIER = com.namlv.facebook.facebookTests;
				PRODUCT_NAME = "$(TARGET_NAME)";
				SWIFT_EMIT_LOC_STRINGS = NO;
				SWIFT_VERSION = 5.0;
				TARGETED_DEVICE_FAMILY = "1,2";
				TEST_HOST = "$(BUILT_PRODUCTS_DIR)/facebook.app/$(BUNDLE_EXECUTABLE_FOLDER_PATH)/facebook";
			};
			name = "Release product";
		};
		E96F32F02A9CE30D008538D8 /* Release product */ = {
			isa = XCBuildConfiguration;
			buildSettings = {
				ALWAYS_EMBED_SWIFT_STANDARD_LIBRARIES = YES;
				CODE_SIGN_STYLE = Automatic;
				CURRENT_PROJECT_VERSION = 1;
				GENERATE_INFOPLIST_FILE = YES;
				MARKETING_VERSION = 1.0;
				PRODUCT_BUNDLE_IDENTIFIER = com.namlv.facebook.facebookUITests;
				PRODUCT_NAME = "$(TARGET_NAME)";
				SWIFT_EMIT_LOC_STRINGS = NO;
				SWIFT_VERSION = 5.0;
				TARGETED_DEVICE_FAMILY = "1,2";
				TEST_TARGET_NAME = facebook;
			};
			name = "Release product";
		};
/* End XCBuildConfiguration section */

/* Begin XCConfigurationList section */
		E94F30302A7EB71C001AAA87 /* Build configuration list for PBXProject "facebook" */ = {
			isa = XCConfigurationList;
			buildConfigurations = (
				E94F305D2A7EB71E001AAA87 /* Debug develop */,
				E96F32E52A9CE2F8008538D8 /* Debug product */,
				E96F32E12A9CE2EE008538D8 /* Debug staging */,
				E94F305E2A7EB71E001AAA87 /* Release develop */,
				E96F32E92A9CE305008538D8 /* Release staging */,
				E96F32ED2A9CE30D008538D8 /* Release product */,
			);
			defaultConfigurationIsVisible = 0;
			defaultConfigurationName = "Release develop";
		};
		E94F305F2A7EB71E001AAA87 /* Build configuration list for PBXNativeTarget "facebook" */ = {
			isa = XCConfigurationList;
			buildConfigurations = (
				E94F30602A7EB71E001AAA87 /* Debug develop */,
				E96F32E62A9CE2F8008538D8 /* Debug product */,
				E96F32E22A9CE2EE008538D8 /* Debug staging */,
				E94F30612A7EB71E001AAA87 /* Release develop */,
				E96F32EA2A9CE305008538D8 /* Release staging */,
				E96F32EE2A9CE30D008538D8 /* Release product */,
			);
			defaultConfigurationIsVisible = 0;
			defaultConfigurationName = "Release develop";
		};
		E94F30622A7EB71E001AAA87 /* Build configuration list for PBXNativeTarget "facebookTests" */ = {
			isa = XCConfigurationList;
			buildConfigurations = (
				E94F30632A7EB71E001AAA87 /* Debug develop */,
				E96F32E72A9CE2F8008538D8 /* Debug product */,
				E96F32E32A9CE2EE008538D8 /* Debug staging */,
				E94F30642A7EB71E001AAA87 /* Release develop */,
				E96F32EB2A9CE305008538D8 /* Release staging */,
				E96F32EF2A9CE30D008538D8 /* Release product */,
			);
			defaultConfigurationIsVisible = 0;
			defaultConfigurationName = "Release develop";
		};
		E94F30652A7EB71E001AAA87 /* Build configuration list for PBXNativeTarget "facebookUITests" */ = {
			isa = XCConfigurationList;
			buildConfigurations = (
				E94F30662A7EB71E001AAA87 /* Debug develop */,
				E96F32E82A9CE2F8008538D8 /* Debug product */,
				E96F32E42A9CE2EE008538D8 /* Debug staging */,
				E94F30672A7EB71E001AAA87 /* Release develop */,
				E96F32EC2A9CE305008538D8 /* Release staging */,
				E96F32F02A9CE30D008538D8 /* Release product */,
			);
			defaultConfigurationIsVisible = 0;
			defaultConfigurationName = "Release develop";
		};
/* End XCConfigurationList section */
	};
	rootObject = E94F302D2A7EB71C001AAA87 /* Project object */;
}
